// !$*UTF8*$!
{
	archiveVersion = 1;
	classes = {
	};
	objectVersion = 50;
	objects = {

/* Begin PBXBuildFile section */
		D3FEAEDC22DF3516003BDA3E /* AppDelegate.swift in Sources */ = {isa = PBXBuildFile; fileRef = D3FEAEDB22DF3516003BDA3E /* AppDelegate.swift */; };
		D3FEAEDE22DF3516003BDA3E /* moviesVC.swift in Sources */ = {isa = PBXBuildFile; fileRef = D3FEAEDD22DF3516003BDA3E /* moviesVC.swift */; };
		D3FEAEE022DF3516003BDA3E /* favoritesVC.swift in Sources */ = {isa = PBXBuildFile; fileRef = D3FEAEDF22DF3516003BDA3E /* favoritesVC.swift */; };
		D3FEAEE322DF3516003BDA3E /* Main.storyboard in Resources */ = {isa = PBXBuildFile; fileRef = D3FEAEE122DF3516003BDA3E /* Main.storyboard */; };
		D3FEAEE522DF3518003BDA3E /* Assets.xcassets in Resources */ = {isa = PBXBuildFile; fileRef = D3FEAEE422DF3518003BDA3E /* Assets.xcassets */; };
		D3FEAEE822DF3518003BDA3E /* LaunchScreen.storyboard in Resources */ = {isa = PBXBuildFile; fileRef = D3FEAEE622DF3518003BDA3E /* LaunchScreen.storyboard */; };
/* End PBXBuildFile section */

/* Begin PBXFileReference section */
		D3FEAED822DF3516003BDA3E /* movie_lab4.app */ = {isa = PBXFileReference; explicitFileType = wrapper.application; includeInIndex = 0; path = movie_lab4.app; sourceTree = BUILT_PRODUCTS_DIR; };
		D3FEAEDB22DF3516003BDA3E /* AppDelegate.swift */ = {isa = PBXFileReference; lastKnownFileType = sourcecode.swift; path = AppDelegate.swift; sourceTree = "<group>"; };
		D3FEAEDD22DF3516003BDA3E /* moviesVC.swift */ = {isa = PBXFileReference; lastKnownFileType = sourcecode.swift; path = moviesVC.swift; sourceTree = "<group>"; };
		D3FEAEDF22DF3516003BDA3E /* favoritesVC.swift */ = {isa = PBXFileReference; lastKnownFileType = sourcecode.swift; path = favoritesVC.swift; sourceTree = "<group>"; };
		D3FEAEE222DF3516003BDA3E /* Base */ = {isa = PBXFileReference; lastKnownFileType = file.storyboard; name = Base; path = Base.lproj/Main.storyboard; sourceTree = "<group>"; };
		D3FEAEE422DF3518003BDA3E /* Assets.xcassets */ = {isa = PBXFileReference; lastKnownFileType = folder.assetcatalog; path = Assets.xcassets; sourceTree = "<group>"; };
		D3FEAEE722DF3518003BDA3E /* Base */ = {isa = PBXFileReference; lastKnownFileType = file.storyboard; name = Base; path = Base.lproj/LaunchScreen.storyboard; sourceTree = "<group>"; };
		D3FEAEE922DF3518003BDA3E /* Info.plist */ = {isa = PBXFileReference; lastKnownFileType = text.plist.xml; path = Info.plist; sourceTree = "<group>"; };
/* End PBXFileReference section */

/* Begin PBXFrameworksBuildPhase section */
		D3FEAED522DF3516003BDA3E /* Frameworks */ = {
			isa = PBXFrameworksBuildPhase;
			buildActionMask = 2147483647;
			files = (
			);
			runOnlyForDeploymentPostprocessing = 0;
		};
/* End PBXFrameworksBuildPhase section */

/* Begin PBXGroup section */
		D3FEAECF22DF3516003BDA3E = {
			isa = PBXGroup;
			children = (
				D3FEAEDA22DF3516003BDA3E /* movie_lab4 */,
				D3FEAED922DF3516003BDA3E /* Products */,
			);
			sourceTree = "<group>";
		};
		D3FEAED922DF3516003BDA3E /* Products */ = {
			isa = PBXGroup;
			children = (
				D3FEAED822DF3516003BDA3E /* movie_lab4.app */,
			);
			name = Products;
			sourceTree = "<group>";
		};
		D3FEAEDA22DF3516003BDA3E /* movie_lab4 */ = {
			isa = PBXGroup;
			children = (
				D3FEAEDB22DF3516003BDA3E /* AppDelegate.swift */,
				D3FEAEDD22DF3516003BDA3E /* moviesVC.swift */,
				D3FEAEDF22DF3516003BDA3E /* favoritesVC.swift */,
				D3FEAEE122DF3516003BDA3E /* Main.storyboard */,
				D3FEAEE422DF3518003BDA3E /* Assets.xcassets */,
				D3FEAEE622DF3518003BDA3E /* LaunchScreen.storyboard */,
				D3FEAEE922DF3518003BDA3E /* Info.plist */,
			);
			path = movie_lab4;
			sourceTree = "<group>";
		};
/* End PBXGroup section */

/* Begin PBXNativeTarget section */
		D3FEAED722DF3516003BDA3E /* movie_lab4 */ = {
			isa = PBXNativeTarget;
			buildConfigurationList = D3FEAEEC22DF3518003BDA3E /* Build configuration list for PBXNativeTarget "movie_lab4" */;
			buildPhases = (
				D3FEAED422DF3516003BDA3E /* Sources */,
				D3FEAED522DF3516003BDA3E /* Frameworks */,
				D3FEAED622DF3516003BDA3E /* Resources */,
			);
			buildRules = (
			);
			dependencies = (
			);
			name = movie_lab4;
			productName = movie_lab4;
			productReference = D3FEAED822DF3516003BDA3E /* movie_lab4.app */;
			productType = "com.apple.product-type.application";
		};
/* End PBXNativeTarget section */

/* Begin PBXProject section */
		D3FEAED022DF3516003BDA3E /* Project object */ = {
			isa = PBXProject;
			attributes = {
				LastSwiftUpdateCheck = 1020;
				LastUpgradeCheck = 1020;
				ORGANIZATIONNAME = "Zayid Oyelami";
				TargetAttributes = {
					D3FEAED722DF3516003BDA3E = {
						CreatedOnToolsVersion = 10.2.1;
					};
				};
			};
			buildConfigurationList = D3FEAED322DF3516003BDA3E /* Build configuration list for PBXProject "movie_lab4" */;
			compatibilityVersion = "Xcode 9.3";
			developmentRegion = en;
			hasScannedForEncodings = 0;
			knownRegions = (
				en,
				Base,
			);
			mainGroup = D3FEAECF22DF3516003BDA3E;
			productRefGroup = D3FEAED922DF3516003BDA3E /* Products */;
			projectDirPath = "";
			projectRoot = "";
			targets = (
				D3FEAED722DF3516003BDA3E /* movie_lab4 */,
			);
		};
/* End PBXProject section */

/* Begin PBXResourcesBuildPhase section */
		D3FEAED622DF3516003BDA3E /* Resources */ = {
			isa = PBXResourcesBuildPhase;
			buildActionMask = 2147483647;
			files = (
				D3FEAEE822DF3518003BDA3E /* LaunchScreen.storyboard in Resources */,
				D3FEAEE522DF3518003BDA3E /* Assets.xcassets in Resources */,
				D3FEAEE322DF3516003BDA3E /* Main.storyboard in Resources */,
			);
			runOnlyForDeploymentPostprocessing = 0;
		};
/* End PBXResourcesBuildPhase section */

/* Begin PBXSourcesBuildPhase section */
		D3FEAED422DF3516003BDA3E /* Sources */ = {
			isa = PBXSourcesBuildPhase;
			buildActionMask = 2147483647;
			files = (
				D3FEAEE022DF3516003BDA3E /* favoritesVC.swift in Sources */,
				D3FEAEDC22DF3516003BDA3E /* AppDelegate.swift in Sources */,
				D3FEAEDE22DF3516003BDA3E /* moviesVC.swift in Sources */,
			);
			runOnlyForDeploymentPostprocessing = 0;
		};
/* End PBXSourcesBuildPhase section */

/* Begin PBXVariantGroup section */
		D3FEAEE122DF3516003BDA3E /* Main.storyboard */ = {
			isa = PBXVariantGroup;
			children = (
				D3FEAEE222DF3516003BDA3E /* Base */,
			);
			name = Main.storyboard;
			sourceTree = "<group>";
		};
		D3FEAEE622DF3518003BDA3E /* LaunchScreen.storyboard */ = {
			isa = PBXVariantGroup;
			children = (
				D3FEAEE722DF3518003BDA3E /* Base */,
			);
			name = LaunchScreen.storyboard;
			sourceTree = "<group>";
		};
/* End PBXVariantGroup section */

/* Begin XCBuildConfiguration section */
		D3FEAEEA22DF3518003BDA3E /* Debug */ = {
			isa = XCBuildConfiguration;
			buildSettings = {
				ALWAYS_SEARCH_USER_PATHS = NO;
				CLANG_ANALYZER_NONNULL = YES;
				CLANG_ANALYZER_NUMBER_OBJECT_CONVERSION = YES_AGGRESSIVE;
				CLANG_CXX_LANGUAGE_STANDARD = "gnu++14";
				CLANG_CXX_LIBRARY = "libc++";
				CLANG_ENABLE_MODULES = YES;
				CLANG_ENABLE_OBJC_ARC = YES;
				CLANG_ENABLE_OBJC_WEAK = YES;
				CLANG_WARN_BLOCK_CAPTURE_AUTORELEASING = YES;
				CLANG_WARN_BOOL_CONVERSION = YES;
				CLANG_WARN_COMMA = YES;
				CLANG_WARN_CONSTANT_CONVERSION = YES;
				CLANG_WARN_DEPRECATED_OBJC_IMPLEMENTATIONS = YES;
				CLANG_WARN_DIRECT_OBJC_ISA_USAGE = YES_ERROR;
				CLANG_WARN_DOCUMENTATION_COMMENTS = YES;
				CLANG_WARN_EMPTY_BODY = YES;
				CLANG_WARN_ENUM_CONVERSION = YES;
				CLANG_WARN_INFINITE_RECURSION = YES;
				CLANG_WARN_INT_CONVERSION = YES;
				CLANG_WARN_NON_LITERAL_NULL_CONVERSION = YES;
				CLANG_WARN_OBJC_IMPLICIT_RETAIN_SELF = YES;
				CLANG_WARN_OBJC_LITERAL_CONVERSION = YES;
				CLANG_WARN_OBJC_ROOT_CLASS = YES_ERROR;
				CLANG_WARN_RANGE_LOOP_ANALYSIS = YES;
				CLANG_WARN_STRICT_PROTOTYPES = YES;
				CLANG_WARN_SUSPICIOUS_MOVE = YES;
				CLANG_WARN_UNGUARDED_AVAILABILITY = YES_AGGRESSIVE;
				CLANG_WARN_UNREACHABLE_CODE = YES;
				CLANG_WARN__DUPLICATE_METHOD_MATCH = YES;
				CODE_SIGN_IDENTITY = "iPhone Developer";
				COPY_PHASE_STRIP = NO;
				DEBUG_INFORMATION_FORMAT = dwarf;
				ENABLE_STRICT_OBJC_MSGSEND = YES;
				ENABLE_TESTABILITY = YES;
				GCC_C_LANGUAGE_STANDARD = gnu11;
				GCC_DYNAMIC_NO_PIC = NO;
				GCC_NO_COMMON_BLOCKS = YES;
				GCC_OPTIMIZATION_LEVEL = 0;
				GCC_PREPROCESSOR_DEFINITIONS = (
					"DEBUG=1",
					"$(inherited)",
				);
				GCC_WARN_64_TO_32_BIT_CONVERSION = YES;
				GCC_WARN_ABOUT_RETURN_TYPE = YES_ERROR;
				GCC_WARN_UNDECLARED_SELECTOR = YES;
				GCC_WARN_UNINITIALIZED_AUTOS = YES_AGGRESSIVE;
				GCC_WARN_UNUSED_FUNCTION = YES;
				GCC_WARN_UNUSED_VARIABLE = YES;
				IPHONEOS_DEPLOYMENT_TARGET = 12.2;
				MTL_ENABLE_DEBUG_INFO = INCLUDE_SOURCE;
				MTL_FAST_MATH = YES;
				ONLY_ACTIVE_ARCH = YES;
				SDKROOT = iphoneos;
				SWIFT_ACTIVE_COMPILATION_CONDITIONS = DEBUG;
				SWIFT_OPTIMIZATION_LEVEL = "-Onone";
			};
			name = Debug;
		};
		D3FEAEEB22DF3518003BDA3E /* Release */ = {
			isa = XCBuildConfiguration;
			buildSettings = {
				ALWAYS_SEARCH_USER_PATHS = NO;
				CLANG_ANALYZER_NONNULL = YES;
				CLANG_ANALYZER_NUMBER_OBJECT_CONVERSION = YES_AGGRESSIVE;
				CLANG_CXX_LANGUAGE_STANDARD = "gnu++14";
				CLANG_CXX_LIBRARY = "libc++";
				CLANG_ENABLE_MODULES = YES;
				CLANG_ENABLE_OBJC_ARC = YES;
				CLANG_ENABLE_OBJC_WEAK = YES;
				CLANG_WARN_BLOCK_CAPTURE_AUTORELEASING = YES;
				CLANG_WARN_BOOL_CONVERSION = YES;
				CLANG_WARN_COMMA = YES;
				CLANG_WARN_CONSTANT_CONVERSION = YES;
				CLANG_WARN_DEPRECATED_OBJC_IMPLEMENTATIONS = YES;
				CLANG_WARN_DIRECT_OBJC_ISA_USAGE = YES_ERROR;
				CLANG_WARN_DOCUMENTATION_COMMENTS = YES;
				CLANG_WARN_EMPTY_BODY = YES;
				CLANG_WARN_ENUM_CONVERSION = YES;
				CLANG_WARN_INFINITE_RECURSION = YES;
				CLANG_WARN_INT_CONVERSION = YES;
				CLANG_WARN_NON_LITERAL_NULL_CONVERSION = YES;
				CLANG_WARN_OBJC_IMPLICIT_RETAIN_SELF = YES;
				CLANG_WARN_OBJC_LITERAL_CONVERSION = YES;
				CLANG_WARN_OBJC_ROOT_CLASS = YES_ERROR;
				CLANG_WARN_RANGE_LOOP_ANALYSIS = YES;
				CLANG_WARN_STRICT_PROTOTYPES = YES;
				CLANG_WARN_SUSPICIOUS_MOVE = YES;
				CLANG_WARN_UNGUARDED_AVAILABILITY = YES_AGGRESSIVE;
				CLANG_WARN_UNREACHABLE_CODE = YES;
				CLANG_WARN__DUPLICATE_METHOD_MATCH = YES;
				CODE_SIGN_IDENTITY = "iPhone Developer";
				COPY_PHASE_STRIP = NO;
				DEBUG_INFORMATION_FORMAT = "dwarf-with-dsym";
				ENABLE_NS_ASSERTIONS = NO;
				ENABLE_STRICT_OBJC_MSGSEND = YES;
				GCC_C_LANGUAGE_STANDARD = gnu11;
				GCC_NO_COMMON_BLOCKS = YES;
				GCC_WARN_64_TO_32_BIT_CONVERSION = YES;
				GCC_WARN_ABOUT_RETURN_TYPE = YES_ERROR;
				GCC_WARN_UNDECLARED_SELECTOR = YES;
				GCC_WARN_UNINITIALIZED_AUTOS = YES_AGGRESSIVE;
				GCC_WARN_UNUSED_FUNCTION = YES;
				GCC_WARN_UNUSED_VARIABLE = YES;
				IPHONEOS_DEPLOYMENT_TARGET = 12.2;
				MTL_ENABLE_DEBUG_INFO = NO;
				MTL_FAST_MATH = YES;
				SDKROOT = iphoneos;
				SWIFT_COMPILATION_MODE = wholemodule;
				SWIFT_OPTIMIZATION_LEVEL = "-O";
				VALIDATE_PRODUCT = YES;
			};
			name = Release;
		};
		D3FEAEED22DF3518003BDA3E /* Debug */ = {
			isa = XCBuildConfiguration;
			buildSettings = {
				ASSETCATALOG_COMPILER_APPICON_NAME = AppIcon;
				CODE_SIGN_STYLE = Automatic;
				INFOPLIST_FILE = movie_lab4/Info.plist;
				LD_RUNPATH_SEARCH_PATHS = (
					"$(inherited)",
					"@executable_path/Frameworks",
				);
				PRODUCT_BUNDLE_IDENTIFIER = "wustl.movie-lab4";
				PRODUCT_NAME = "$(TARGET_NAME)";
				SWIFT_VERSION = 5.0;
				TARGETED_DEVICE_FAMILY = "1,2";
			};
			name = Debug;
		};
		D3FEAEEE22DF3518003BDA3E /* Release */ = {
			isa = XCBuildConfiguration;
			buildSettings = {
				ASSETCATALOG_COMPILER_APPICON_NAME = AppIcon;
				CODE_SIGN_STYLE = Automatic;
				INFOPLIST_FILE = movie_lab4/Info.plist;
				LD_RUNPATH_SEARCH_PATHS = (
					"$(inherited)",
					"@executable_path/Frameworks",
				);
				PRODUCT_BUNDLE_IDENTIFIER = "wustl.movie-lab4";
				PRODUCT_NAME = "$(TARGET_NAME)";
				SWIFT_VERSION = 5.0;
				TARGETED_DEVICE_FAMILY = "1,2";
			};
			name = Release;
		};
/* End XCBuildConfiguration section */

/* Begin XCConfigurationList section */
		D3FEAED322DF3516003BDA3E /* Build configuration list for PBXProject "movie_lab4" */ = {
			isa = XCConfigurationList;
			buildConfigurations = (
				D3FEAEEA22DF3518003BDA3E /* Debug */,
				D3FEAEEB22DF3518003BDA3E /* Release */,
			);
			defaultConfigurationIsVisible = 0;
			defaultConfigurationName = Release;
		};
		D3FEAEEC22DF3518003BDA3E /* Build configuration list for PBXNativeTarget "movie_lab4" */ = {
			isa = XCConfigurationList;
			buildConfigurations = (
				D3FEAEED22DF3518003BDA3E /* Debug */,
				D3FEAEEE22DF3518003BDA3E /* Release */,
			);
			defaultConfigurationIsVisible = 0;
			defaultConfigurationName = Release;
		};
/* End XCConfigurationList section */
	};
	rootObject = D3FEAED022DF3516003BDA3E /* Project object */;
}
