// !$*UTF8*$!
{
	archiveVersion = 1;
	classes = {
	};
	objectVersion = 50;
	objects = {

/* Begin PBXBuildFile section */
		D32B5A6122E90B3900BC078D /* Assets.xcassets in Resources */ = {isa = PBXBuildFile; fileRef = D32B5A6022E90B3900BC078D /* Assets.xcassets */; };
		D32B5A6822E90B3A00BC078D /* janeExtension MessagesExtension.appex in Embed App Extensions */ = {isa = PBXBuildFile; fileRef = D32B5A6722E90B3A00BC078D /* janeExtension MessagesExtension.appex */; settings = {ATTRIBUTES = (RemoveHeadersOnCopy, ); }; };
		D32B5A6D22E90B3A00BC078D /* Messages.framework in Frameworks */ = {isa = PBXBuildFile; fileRef = D32B5A6C22E90B3A00BC078D /* Messages.framework */; };
		D32B5A7022E90B3A00BC078D /* MessagesViewController.swift in Sources */ = {isa = PBXBuildFile; fileRef = D32B5A6F22E90B3A00BC078D /* MessagesViewController.swift */; };
		D32B5A7322E90B3A00BC078D /* MainInterface.storyboard in Resources */ = {isa = PBXBuildFile; fileRef = D32B5A7122E90B3A00BC078D /* MainInterface.storyboard */; };
		D32B5A7522E90B3A00BC078D /* Assets.xcassets in Resources */ = {isa = PBXBuildFile; fileRef = D32B5A7422E90B3A00BC078D /* Assets.xcassets */; };
/* End PBXBuildFile section */

/* Begin PBXContainerItemProxy section */
		D32B5A6922E90B3A00BC078D /* PBXContainerItemProxy */ = {
			isa = PBXContainerItemProxy;
			containerPortal = D32B5A5722E90B3800BC078D /* Project object */;
			proxyType = 1;
			remoteGlobalIDString = D32B5A6622E90B3A00BC078D;
			remoteInfo = "janeExtension MessagesExtension";
		};
/* End PBXContainerItemProxy section */

/* Begin PBXCopyFilesBuildPhase section */
		D32B5A7C22E90B3A00BC078D /* Embed App Extensions */ = {
			isa = PBXCopyFilesBuildPhase;
			buildActionMask = 2147483647;
			dstPath = "";
			dstSubfolderSpec = 13;
			files = (
				D32B5A6822E90B3A00BC078D /* janeExtension MessagesExtension.appex in Embed App Extensions */,
			);
			name = "Embed App Extensions";
			runOnlyForDeploymentPostprocessing = 0;
		};
/* End PBXCopyFilesBuildPhase section */

/* Begin PBXFileReference section */
		D32B5A5D22E90B3800BC078D /* janeExtension.app */ = {isa = PBXFileReference; explicitFileType = wrapper.application; includeInIndex = 0; path = janeExtension.app; sourceTree = BUILT_PRODUCTS_DIR; };
		D32B5A6022E90B3900BC078D /* Assets.xcassets */ = {isa = PBXFileReference; lastKnownFileType = folder.assetcatalog; path = Assets.xcassets; sourceTree = "<group>"; };
		D32B5A6222E90B3900BC078D /* Info.plist */ = {isa = PBXFileReference; lastKnownFileType = text.plist.xml; path = Info.plist; sourceTree = "<group>"; };
		D32B5A6722E90B3A00BC078D /* janeExtension MessagesExtension.appex */ = {isa = PBXFileReference; explicitFileType = "wrapper.app-extension"; includeInIndex = 0; path = "janeExtension MessagesExtension.appex"; sourceTree = BUILT_PRODUCTS_DIR; };
		D32B5A6C22E90B3A00BC078D /* Messages.framework */ = {isa = PBXFileReference; lastKnownFileType = wrapper.framework; name = Messages.framework; path = System/Library/Frameworks/Messages.framework; sourceTree = SDKROOT; };
		D32B5A6F22E90B3A00BC078D /* MessagesViewController.swift */ = {isa = PBXFileReference; lastKnownFileType = sourcecode.swift; path = MessagesViewController.swift; sourceTree = "<group>"; };
		D32B5A7222E90B3A00BC078D /* Base */ = {isa = PBXFileReference; lastKnownFileType = file.storyboard; name = Base; path = Base.lproj/MainInterface.storyboard; sourceTree = "<group>"; };
		D32B5A7422E90B3A00BC078D /* Assets.xcassets */ = {isa = PBXFileReference; lastKnownFileType = folder.assetcatalog; path = Assets.xcassets; sourceTree = "<group>"; };
		D32B5A7622E90B3A00BC078D /* Info.plist */ = {isa = PBXFileReference; lastKnownFileType = text.plist.xml; path = Info.plist; sourceTree = "<group>"; };
/* End PBXFileReference section */

/* Begin PBXFrameworksBuildPhase section */
		D32B5A6422E90B3A00BC078D /* Frameworks */ = {
			isa = PBXFrameworksBuildPhase;
			buildActionMask = 2147483647;
			files = (
				D32B5A6D22E90B3A00BC078D /* Messages.framework in Frameworks */,
			);
			runOnlyForDeploymentPostprocessing = 0;
		};
/* End PBXFrameworksBuildPhase section */

/* Begin PBXGroup section */
		D32B5A5622E90B3800BC078D = {
			isa = PBXGroup;
			children = (
				D32B5A5F22E90B3800BC078D /* janeExtension */,
				D32B5A6E22E90B3A00BC078D /* janeExtension MessagesExtension */,
				D32B5A6B22E90B3A00BC078D /* Frameworks */,
				D32B5A5E22E90B3800BC078D /* Products */,
			);
			sourceTree = "<group>";
		};
		D32B5A5E22E90B3800BC078D /* Products */ = {
			isa = PBXGroup;
			children = (
				D32B5A5D22E90B3800BC078D /* janeExtension.app */,
				D32B5A6722E90B3A00BC078D /* janeExtension MessagesExtension.appex */,
			);
			name = Products;
			sourceTree = "<group>";
		};
		D32B5A5F22E90B3800BC078D /* janeExtension */ = {
			isa = PBXGroup;
			children = (
				D32B5A6022E90B3900BC078D /* Assets.xcassets */,
				D32B5A6222E90B3900BC078D /* Info.plist */,
			);
			path = janeExtension;
			sourceTree = "<group>";
		};
		D32B5A6B22E90B3A00BC078D /* Frameworks */ = {
			isa = PBXGroup;
			children = (
				D32B5A6C22E90B3A00BC078D /* Messages.framework */,
			);
			name = Frameworks;
			sourceTree = "<group>";
		};
		D32B5A6E22E90B3A00BC078D /* janeExtension MessagesExtension */ = {
			isa = PBXGroup;
			children = (
				D32B5A6F22E90B3A00BC078D /* MessagesViewController.swift */,
				D32B5A7122E90B3A00BC078D /* MainInterface.storyboard */,
				D32B5A7422E90B3A00BC078D /* Assets.xcassets */,
				D32B5A7622E90B3A00BC078D /* Info.plist */,
			);
			path = "janeExtension MessagesExtension";
			sourceTree = "<group>";
		};
/* End PBXGroup section */

/* Begin PBXNativeTarget section */
		D32B5A5C22E90B3800BC078D /* janeExtension */ = {
			isa = PBXNativeTarget;
			buildConfigurationList = D32B5A7D22E90B3A00BC078D /* Build configuration list for PBXNativeTarget "janeExtension" */;
			buildPhases = (
				D32B5A5B22E90B3800BC078D /* Resources */,
				D32B5A7C22E90B3A00BC078D /* Embed App Extensions */,
			);
			buildRules = (
			);
			dependencies = (
				D32B5A6A22E90B3A00BC078D /* PBXTargetDependency */,
			);
			name = janeExtension;
			productName = janeExtension;
			productReference = D32B5A5D22E90B3800BC078D /* janeExtension.app */;
			productType = "com.apple.product-type.application.messages";
		};
		D32B5A6622E90B3A00BC078D /* janeExtension MessagesExtension */ = {
			isa = PBXNativeTarget;
			buildConfigurationList = D32B5A7922E90B3A00BC078D /* Build configuration list for PBXNativeTarget "janeExtension MessagesExtension" */;
			buildPhases = (
				D32B5A6322E90B3A00BC078D /* Sources */,
				D32B5A6422E90B3A00BC078D /* Frameworks */,
				D32B5A6522E90B3A00BC078D /* Resources */,
			);
			buildRules = (
			);
			dependencies = (
			);
			name = "janeExtension MessagesExtension";
			productName = "janeExtension MessagesExtension";
			productReference = D32B5A6722E90B3A00BC078D /* janeExtension MessagesExtension.appex */;
			productType = "com.apple.product-type.app-extension.messages";
		};
/* End PBXNativeTarget section */

/* Begin PBXProject section */
		D32B5A5722E90B3800BC078D /* Project object */ = {
			isa = PBXProject;
			attributes = {
				LastSwiftUpdateCheck = 1020;
				LastUpgradeCheck = 1020;
				ORGANIZATIONNAME = "Zayid Oyelami";
				TargetAttributes = {
					D32B5A5C22E90B3800BC078D = {
						CreatedOnToolsVersion = 10.2.1;
					};
					D32B5A6622E90B3A00BC078D = {
						CreatedOnToolsVersion = 10.2.1;
					};
				};
			};
			buildConfigurationList = D32B5A5A22E90B3800BC078D /* Build configuration list for PBXProject "janeExtension" */;
			compatibilityVersion = "Xcode 9.3";
			developmentRegion = en;
			hasScannedForEncodings = 0;
			knownRegions = (
				en,
				Base,
			);
			mainGroup = D32B5A5622E90B3800BC078D;
			productRefGroup = D32B5A5E22E90B3800BC078D /* Products */;
			projectDirPath = "";
			projectRoot = "";
			targets = (
				D32B5A5C22E90B3800BC078D /* janeExtension */,
				D32B5A6622E90B3A00BC078D /* janeExtension MessagesExtension */,
			);
		};
/* End PBXProject section */

/* Begin PBXResourcesBuildPhase section */
		D32B5A5B22E90B3800BC078D /* Resources */ = {
			isa = PBXResourcesBuildPhase;
			buildActionMask = 2147483647;
			files = (
				D32B5A6122E90B3900BC078D /* Assets.xcassets in Resources */,
			);
			runOnlyForDeploymentPostprocessing = 0;
		};
		D32B5A6522E90B3A00BC078D /* Resources */ = {
			isa = PBXResourcesBuildPhase;
			buildActionMask = 2147483647;
			files = (
				D32B5A7522E90B3A00BC078D /* Assets.xcassets in Resources */,
				D32B5A7322E90B3A00BC078D /* MainInterface.storyboard in Resources */,
			);
			runOnlyForDeploymentPostprocessing = 0;
		};
/* End PBXResourcesBuildPhase section */

/* Begin PBXSourcesBuildPhase section */
		D32B5A6322E90B3A00BC078D /* Sources */ = {
			isa = PBXSourcesBuildPhase;
			buildActionMask = 2147483647;
			files = (
				D32B5A7022E90B3A00BC078D /* MessagesViewController.swift in Sources */,
			);
			runOnlyForDeploymentPostprocessing = 0;
		};
/* End PBXSourcesBuildPhase section */

/* Begin PBXTargetDependency section */
		D32B5A6A22E90B3A00BC078D /* PBXTargetDependency */ = {
			isa = PBXTargetDependency;
			target = D32B5A6622E90B3A00BC078D /* janeExtension MessagesExtension */;
			targetProxy = D32B5A6922E90B3A00BC078D /* PBXContainerItemProxy */;
		};
/* End PBXTargetDependency section */

/* Begin PBXVariantGroup section */
		D32B5A7122E90B3A00BC078D /* MainInterface.storyboard */ = {
			isa = PBXVariantGroup;
			children = (
				D32B5A7222E90B3A00BC078D /* Base */,
			);
			name = MainInterface.storyboard;
			sourceTree = "<group>";
		};
/* End PBXVariantGroup section */

/* Begin XCBuildConfiguration section */
		D32B5A7722E90B3A00BC078D /* Debug */ = {
			isa = XCBuildConfiguration;
			buildSettings = {
				ALWAYS_SEARCH_USER_PATHS = NO;
				CLANG_ANALYZER_NONNULL = YES;
				CLANG_ANALYZER_NUMBER_OBJECT_CONVERSION = YES_AGGRESSIVE;
				CLANG_CXX_LANGUAGE_STANDARD = "gnu++14";
				CLANG_CXX_LIBRARY = "libc++";
				CLANG_ENABLE_MODULES = YES;
				CLANG_ENABLE_OBJC_ARC = YES;
				CLANG_ENABLE_OBJC_WEAK = YES;
				CLANG_WARN_BLOCK_CAPTURE_AUTORELEASING = YES;
				CLANG_WARN_BOOL_CONVERSION = YES;
				CLANG_WARN_COMMA = YES;
				CLANG_WARN_CONSTANT_CONVERSION = YES;
				CLANG_WARN_DEPRECATED_OBJC_IMPLEMENTATIONS = YES;
				CLANG_WARN_DIRECT_OBJC_ISA_USAGE = YES_ERROR;
				CLANG_WARN_DOCUMENTATION_COMMENTS = YES;
				CLANG_WARN_EMPTY_BODY = YES;
				CLANG_WARN_ENUM_CONVERSION = YES;
				CLANG_WARN_INFINITE_RECURSION = YES;
				CLANG_WARN_INT_CONVERSION = YES;
				CLANG_WARN_NON_LITERAL_NULL_CONVERSION = YES;
				CLANG_WARN_OBJC_IMPLICIT_RETAIN_SELF = YES;
				CLANG_WARN_OBJC_LITERAL_CONVERSION = YES;
				CLANG_WARN_OBJC_ROOT_CLASS = YES_ERROR;
				CLANG_WARN_RANGE_LOOP_ANALYSIS = YES;
				CLANG_WARN_STRICT_PROTOTYPES = YES;
				CLANG_WARN_SUSPICIOUS_MOVE = YES;
				CLANG_WARN_UNGUARDED_AVAILABILITY = YES_AGGRESSIVE;
				CLANG_WARN_UNREACHABLE_CODE = YES;
				CLANG_WARN__DUPLICATE_METHOD_MATCH = YES;
				CODE_SIGN_IDENTITY = "iPhone Developer";
				COPY_PHASE_STRIP = NO;
				DEBUG_INFORMATION_FORMAT = dwarf;
				ENABLE_STRICT_OBJC_MSGSEND = YES;
				ENABLE_TESTABILITY = YES;
				GCC_C_LANGUAGE_STANDARD = gnu11;
				GCC_DYNAMIC_NO_PIC = NO;
				GCC_NO_COMMON_BLOCKS = YES;
				GCC_OPTIMIZATION_LEVEL = 0;
				GCC_PREPROCESSOR_DEFINITIONS = (
					"DEBUG=1",
					"$(inherited)",
				);
				GCC_WARN_64_TO_32_BIT_CONVERSION = YES;
				GCC_WARN_ABOUT_RETURN_TYPE = YES_ERROR;
				GCC_WARN_UNDECLARED_SELECTOR = YES;
				GCC_WARN_UNINITIALIZED_AUTOS = YES_AGGRESSIVE;
				GCC_WARN_UNUSED_FUNCTION = YES;
				GCC_WARN_UNUSED_VARIABLE = YES;
				IPHONEOS_DEPLOYMENT_TARGET = 12.2;
				MTL_ENABLE_DEBUG_INFO = INCLUDE_SOURCE;
				MTL_FAST_MATH = YES;
				ONLY_ACTIVE_ARCH = YES;
				SDKROOT = iphoneos;
				SWIFT_ACTIVE_COMPILATION_CONDITIONS = DEBUG;
				SWIFT_OPTIMIZATION_LEVEL = "-Onone";
			};
			name = Debug;
		};
		D32B5A7822E90B3A00BC078D /* Release */ = {
			isa = XCBuildConfiguration;
			buildSettings = {
				ALWAYS_SEARCH_USER_PATHS = NO;
				CLANG_ANALYZER_NONNULL = YES;
				CLANG_ANALYZER_NUMBER_OBJECT_CONVERSION = YES_AGGRESSIVE;
				CLANG_CXX_LANGUAGE_STANDARD = "gnu++14";
				CLANG_CXX_LIBRARY = "libc++";
				CLANG_ENABLE_MODULES = YES;
				CLANG_ENABLE_OBJC_ARC = YES;
				CLANG_ENABLE_OBJC_WEAK = YES;
				CLANG_WARN_BLOCK_CAPTURE_AUTORELEASING = YES;
				CLANG_WARN_BOOL_CONVERSION = YES;
				CLANG_WARN_COMMA = YES;
				CLANG_WARN_CONSTANT_CONVERSION = YES;
				CLANG_WARN_DEPRECATED_OBJC_IMPLEMENTATIONS = YES;
				CLANG_WARN_DIRECT_OBJC_ISA_USAGE = YES_ERROR;
				CLANG_WARN_DOCUMENTATION_COMMENTS = YES;
				CLANG_WARN_EMPTY_BODY = YES;
				CLANG_WARN_ENUM_CONVERSION = YES;
				CLANG_WARN_INFINITE_RECURSION = YES;
				CLANG_WARN_INT_CONVERSION = YES;
				CLANG_WARN_NON_LITERAL_NULL_CONVERSION = YES;
				CLANG_WARN_OBJC_IMPLICIT_RETAIN_SELF = YES;
				CLANG_WARN_OBJC_LITERAL_CONVERSION = YES;
				CLANG_WARN_OBJC_ROOT_CLASS = YES_ERROR;
				CLANG_WARN_RANGE_LOOP_ANALYSIS = YES;
				CLANG_WARN_STRICT_PROTOTYPES = YES;
				CLANG_WARN_SUSPICIOUS_MOVE = YES;
				CLANG_WARN_UNGUARDED_AVAILABILITY = YES_AGGRESSIVE;
				CLANG_WARN_UNREACHABLE_CODE = YES;
				CLANG_WARN__DUPLICATE_METHOD_MATCH = YES;
				CODE_SIGN_IDENTITY = "iPhone Developer";
				COPY_PHASE_STRIP = NO;
				DEBUG_INFORMATION_FORMAT = "dwarf-with-dsym";
				ENABLE_NS_ASSERTIONS = NO;
				ENABLE_STRICT_OBJC_MSGSEND = YES;
				GCC_C_LANGUAGE_STANDARD = gnu11;
				GCC_NO_COMMON_BLOCKS = YES;
				GCC_WARN_64_TO_32_BIT_CONVERSION = YES;
				GCC_WARN_ABOUT_RETURN_TYPE = YES_ERROR;
				GCC_WARN_UNDECLARED_SELECTOR = YES;
				GCC_WARN_UNINITIALIZED_AUTOS = YES_AGGRESSIVE;
				GCC_WARN_UNUSED_FUNCTION = YES;
				GCC_WARN_UNUSED_VARIABLE = YES;
				IPHONEOS_DEPLOYMENT_TARGET = 12.2;
				MTL_ENABLE_DEBUG_INFO = NO;
				MTL_FAST_MATH = YES;
				SDKROOT = iphoneos;
				SWIFT_COMPILATION_MODE = wholemodule;
				SWIFT_OPTIMIZATION_LEVEL = "-O";
				VALIDATE_PRODUCT = YES;
			};
			name = Release;
		};
		D32B5A7A22E90B3A00BC078D /* Debug */ = {
			isa = XCBuildConfiguration;
			buildSettings = {
				ASSETCATALOG_COMPILER_APPICON_NAME = "iMessage App Icon";
				CODE_SIGN_STYLE = Automatic;
				INFOPLIST_FILE = "janeExtension MessagesExtension/Info.plist";
				LD_RUNPATH_SEARCH_PATHS = (
					"$(inherited)",
					"@executable_path/Frameworks",
					"@executable_path/../../Frameworks",
				);
				PRODUCT_BUNDLE_IDENTIFIER = wustl.janeExtension.MessagesExtension;
				PRODUCT_NAME = "$(TARGET_NAME)";
				SKIP_INSTALL = YES;
				SWIFT_VERSION = 5.0;
				TARGETED_DEVICE_FAMILY = "1,2";
			};
			name = Debug;
		};
		D32B5A7B22E90B3A00BC078D /* Release */ = {
			isa = XCBuildConfiguration;
			buildSettings = {
				ASSETCATALOG_COMPILER_APPICON_NAME = "iMessage App Icon";
				CODE_SIGN_STYLE = Automatic;
				INFOPLIST_FILE = "janeExtension MessagesExtension/Info.plist";
				LD_RUNPATH_SEARCH_PATHS = (
					"$(inherited)",
					"@executable_path/Frameworks",
					"@executable_path/../../Frameworks",
				);
				PRODUCT_BUNDLE_IDENTIFIER = wustl.janeExtension.MessagesExtension;
				PRODUCT_NAME = "$(TARGET_NAME)";
				SKIP_INSTALL = YES;
				SWIFT_VERSION = 5.0;
				TARGETED_DEVICE_FAMILY = "1,2";
			};
			name = Release;
		};
		D32B5A7E22E90B3A00BC078D /* Debug */ = {
			isa = XCBuildConfiguration;
			buildSettings = {
				ALWAYS_EMBED_SWIFT_STANDARD_LIBRARIES = YES;
				ASSETCATALOG_COMPILER_APPICON_NAME = AppIcon;
				CODE_SIGN_STYLE = Automatic;
				INFOPLIST_FILE = janeExtension/Info.plist;
				PRODUCT_BUNDLE_IDENTIFIER = wustl.janeExtension;
				PRODUCT_NAME = "$(TARGET_NAME)";
				SWIFT_VERSION = 5.0;
				TARGETED_DEVICE_FAMILY = "1,2";
			};
			name = Debug;
		};
		D32B5A7F22E90B3A00BC078D /* Release */ = {
			isa = XCBuildConfiguration;
			buildSettings = {
				ALWAYS_EMBED_SWIFT_STANDARD_LIBRARIES = YES;
				ASSETCATALOG_COMPILER_APPICON_NAME = AppIcon;
				CODE_SIGN_STYLE = Automatic;
				INFOPLIST_FILE = janeExtension/Info.plist;
				PRODUCT_BUNDLE_IDENTIFIER = wustl.janeExtension;
				PRODUCT_NAME = "$(TARGET_NAME)";
				SWIFT_VERSION = 5.0;
				TARGETED_DEVICE_FAMILY = "1,2";
			};
			name = Release;
		};
/* End XCBuildConfiguration section */

/* Begin XCConfigurationList section */
		D32B5A5A22E90B3800BC078D /* Build configuration list for PBXProject "janeExtension" */ = {
			isa = XCConfigurationList;
			buildConfigurations = (
				D32B5A7722E90B3A00BC078D /* Debug */,
				D32B5A7822E90B3A00BC078D /* Release */,
			);
			defaultConfigurationIsVisible = 0;
			defaultConfigurationName = Release;
		};
		D32B5A7922E90B3A00BC078D /* Build configuration list for PBXNativeTarget "janeExtension MessagesExtension" */ = {
			isa = XCConfigurationList;
			buildConfigurations = (
				D32B5A7A22E90B3A00BC078D /* Debug */,
				D32B5A7B22E90B3A00BC078D /* Release */,
			);
			defaultConfigurationIsVisible = 0;
			defaultConfigurationName = Release;
		};
		D32B5A7D22E90B3A00BC078D /* Build configuration list for PBXNativeTarget "janeExtension" */ = {
			isa = XCConfigurationList;
			buildConfigurations = (
				D32B5A7E22E90B3A00BC078D /* Debug */,
				D32B5A7F22E90B3A00BC078D /* Release */,
			);
			defaultConfigurationIsVisible = 0;
			defaultConfigurationName = Release;
		};
/* End XCConfigurationList section */
	};
	rootObject = D32B5A5722E90B3800BC078D /* Project object */;
}
