// !$*UTF8*$!
{
	archiveVersion = 1;
	classes = {
	};
	objectVersion = 50;
	objects = {

/* Begin PBXBuildFile section */
		D31E2A9822B85CDD00A82A87 /* AppDelegate.swift in Sources */ = {isa = PBXBuildFile; fileRef = D31E2A9722B85CDD00A82A87 /* AppDelegate.swift */; };
		D31E2A9A22B85CDD00A82A87 /* ViewController.swift in Sources */ = {isa = PBXBuildFile; fileRef = D31E2A9922B85CDD00A82A87 /* ViewController.swift */; };
		D31E2A9D22B85CDD00A82A87 /* Main.storyboard in Resources */ = {isa = PBXBuildFile; fileRef = D31E2A9B22B85CDD00A82A87 /* Main.storyboard */; };
		D31E2AA022B85CDD00A82A87 /* PresidentPopularityApp.xcdatamodeld in Sources */ = {isa = PBXBuildFile; fileRef = D31E2A9E22B85CDD00A82A87 /* PresidentPopularityApp.xcdatamodeld */; };
		D31E2AA222B85CDF00A82A87 /* Assets.xcassets in Resources */ = {isa = PBXBuildFile; fileRef = D31E2AA122B85CDF00A82A87 /* Assets.xcassets */; };
		D31E2AA522B85CDF00A82A87 /* LaunchScreen.storyboard in Resources */ = {isa = PBXBuildFile; fileRef = D31E2AA322B85CDF00A82A87 /* LaunchScreen.storyboard */; };
		D31E2AAD22B85D0000A82A87 /* President.swift in Sources */ = {isa = PBXBuildFile; fileRef = D31E2AAC22B85D0000A82A87 /* President.swift */; };
/* End PBXBuildFile section */

/* Begin PBXFileReference section */
		D31E2A9422B85CDD00A82A87 /* PresidentPopularityApp.app */ = {isa = PBXFileReference; explicitFileType = wrapper.application; includeInIndex = 0; path = PresidentPopularityApp.app; sourceTree = BUILT_PRODUCTS_DIR; };
		D31E2A9722B85CDD00A82A87 /* AppDelegate.swift */ = {isa = PBXFileReference; lastKnownFileType = sourcecode.swift; path = AppDelegate.swift; sourceTree = "<group>"; };
		D31E2A9922B85CDD00A82A87 /* ViewController.swift */ = {isa = PBXFileReference; lastKnownFileType = sourcecode.swift; path = ViewController.swift; sourceTree = "<group>"; };
		D31E2A9C22B85CDD00A82A87 /* Base */ = {isa = PBXFileReference; lastKnownFileType = file.storyboard; name = Base; path = Base.lproj/Main.storyboard; sourceTree = "<group>"; };
		D31E2A9F22B85CDD00A82A87 /* PresidentPopularityApp.xcdatamodel */ = {isa = PBXFileReference; lastKnownFileType = wrapper.xcdatamodel; path = PresidentPopularityApp.xcdatamodel; sourceTree = "<group>"; };
		D31E2AA122B85CDF00A82A87 /* Assets.xcassets */ = {isa = PBXFileReference; lastKnownFileType = folder.assetcatalog; path = Assets.xcassets; sourceTree = "<group>"; };
		D31E2AA422B85CDF00A82A87 /* Base */ = {isa = PBXFileReference; lastKnownFileType = file.storyboard; name = Base; path = Base.lproj/LaunchScreen.storyboard; sourceTree = "<group>"; };
		D31E2AA622B85CDF00A82A87 /* Info.plist */ = {isa = PBXFileReference; lastKnownFileType = text.plist.xml; path = Info.plist; sourceTree = "<group>"; };
		D31E2AAC22B85D0000A82A87 /* President.swift */ = {isa = PBXFileReference; lastKnownFileType = sourcecode.swift; path = President.swift; sourceTree = "<group>"; };
/* End PBXFileReference section */

/* Begin PBXFrameworksBuildPhase section */
		D31E2A9122B85CDD00A82A87 /* Frameworks */ = {
			isa = PBXFrameworksBuildPhase;
			buildActionMask = 2147483647;
			files = (
			);
			runOnlyForDeploymentPostprocessing = 0;
		};
/* End PBXFrameworksBuildPhase section */

/* Begin PBXGroup section */
		D31E2A8B22B85CDD00A82A87 = {
			isa = PBXGroup;
			children = (
				D31E2A9622B85CDD00A82A87 /* PresidentPopularityApp */,
				D31E2A9522B85CDD00A82A87 /* Products */,
			);
			sourceTree = "<group>";
		};
		D31E2A9522B85CDD00A82A87 /* Products */ = {
			isa = PBXGroup;
			children = (
				D31E2A9422B85CDD00A82A87 /* PresidentPopularityApp.app */,
			);
			name = Products;
			sourceTree = "<group>";
		};
		D31E2A9622B85CDD00A82A87 /* PresidentPopularityApp */ = {
			isa = PBXGroup;
			children = (
				D31E2A9722B85CDD00A82A87 /* AppDelegate.swift */,
				D31E2A9922B85CDD00A82A87 /* ViewController.swift */,
				D31E2AAC22B85D0000A82A87 /* President.swift */,
				D31E2A9B22B85CDD00A82A87 /* Main.storyboard */,
				D31E2AA122B85CDF00A82A87 /* Assets.xcassets */,
				D31E2AA322B85CDF00A82A87 /* LaunchScreen.storyboard */,
				D31E2AA622B85CDF00A82A87 /* Info.plist */,
				D31E2A9E22B85CDD00A82A87 /* PresidentPopularityApp.xcdatamodeld */,
			);
			path = PresidentPopularityApp;
			sourceTree = "<group>";
		};
/* End PBXGroup section */

/* Begin PBXNativeTarget section */
		D31E2A9322B85CDD00A82A87 /* PresidentPopularityApp */ = {
			isa = PBXNativeTarget;
			buildConfigurationList = D31E2AA922B85CDF00A82A87 /* Build configuration list for PBXNativeTarget "PresidentPopularityApp" */;
			buildPhases = (
				D31E2A9022B85CDD00A82A87 /* Sources */,
				D31E2A9122B85CDD00A82A87 /* Frameworks */,
				D31E2A9222B85CDD00A82A87 /* Resources */,
			);
			buildRules = (
			);
			dependencies = (
			);
			name = PresidentPopularityApp;
			productName = PresidentPopularityApp;
			productReference = D31E2A9422B85CDD00A82A87 /* PresidentPopularityApp.app */;
			productType = "com.apple.product-type.application";
		};
/* End PBXNativeTarget section */

/* Begin PBXProject section */
		D31E2A8C22B85CDD00A82A87 /* Project object */ = {
			isa = PBXProject;
			attributes = {
				LastSwiftUpdateCheck = 1020;
				LastUpgradeCheck = 1020;
				ORGANIZATIONNAME = "Zayid Oyelami";
				TargetAttributes = {
					D31E2A9322B85CDD00A82A87 = {
						CreatedOnToolsVersion = 10.2.1;
					};
				};
			};
			buildConfigurationList = D31E2A8F22B85CDD00A82A87 /* Build configuration list for PBXProject "PresidentPopularityApp" */;
			compatibilityVersion = "Xcode 9.3";
			developmentRegion = en;
			hasScannedForEncodings = 0;
			knownRegions = (
				en,
				Base,
			);
			mainGroup = D31E2A8B22B85CDD00A82A87;
			productRefGroup = D31E2A9522B85CDD00A82A87 /* Products */;
			projectDirPath = "";
			projectRoot = "";
			targets = (
				D31E2A9322B85CDD00A82A87 /* PresidentPopularityApp */,
			);
		};
/* End PBXProject section */

/* Begin PBXResourcesBuildPhase section */
		D31E2A9222B85CDD00A82A87 /* Resources */ = {
			isa = PBXResourcesBuildPhase;
			buildActionMask = 2147483647;
			files = (
				D31E2AA522B85CDF00A82A87 /* LaunchScreen.storyboard in Resources */,
				D31E2AA222B85CDF00A82A87 /* Assets.xcassets in Resources */,
				D31E2A9D22B85CDD00A82A87 /* Main.storyboard in Resources */,
			);
			runOnlyForDeploymentPostprocessing = 0;
		};
/* End PBXResourcesBuildPhase section */

/* Begin PBXSourcesBuildPhase section */
		D31E2A9022B85CDD00A82A87 /* Sources */ = {
			isa = PBXSourcesBuildPhase;
			buildActionMask = 2147483647;
			files = (
				D31E2AAD22B85D0000A82A87 /* President.swift in Sources */,
				D31E2A9A22B85CDD00A82A87 /* ViewController.swift in Sources */,
				D31E2AA022B85CDD00A82A87 /* PresidentPopularityApp.xcdatamodeld in Sources */,
				D31E2A9822B85CDD00A82A87 /* AppDelegate.swift in Sources */,
			);
			runOnlyForDeploymentPostprocessing = 0;
		};
/* End PBXSourcesBuildPhase section */

/* Begin PBXVariantGroup section */
		D31E2A9B22B85CDD00A82A87 /* Main.storyboard */ = {
			isa = PBXVariantGroup;
			children = (
				D31E2A9C22B85CDD00A82A87 /* Base */,
			);
			name = Main.storyboard;
			sourceTree = "<group>";
		};
		D31E2AA322B85CDF00A82A87 /* LaunchScreen.storyboard */ = {
			isa = PBXVariantGroup;
			children = (
				D31E2AA422B85CDF00A82A87 /* Base */,
			);
			name = LaunchScreen.storyboard;
			sourceTree = "<group>";
		};
/* End PBXVariantGroup section */

/* Begin XCBuildConfiguration section */
		D31E2AA722B85CDF00A82A87 /* Debug */ = {
			isa = XCBuildConfiguration;
			buildSettings = {
				ALWAYS_SEARCH_USER_PATHS = NO;
				CLANG_ANALYZER_NONNULL = YES;
				CLANG_ANALYZER_NUMBER_OBJECT_CONVERSION = YES_AGGRESSIVE;
				CLANG_CXX_LANGUAGE_STANDARD = "gnu++14";
				CLANG_CXX_LIBRARY = "libc++";
				CLANG_ENABLE_MODULES = YES;
				CLANG_ENABLE_OBJC_ARC = YES;
				CLANG_ENABLE_OBJC_WEAK = YES;
				CLANG_WARN_BLOCK_CAPTURE_AUTORELEASING = YES;
				CLANG_WARN_BOOL_CONVERSION = YES;
				CLANG_WARN_COMMA = YES;
				CLANG_WARN_CONSTANT_CONVERSION = YES;
				CLANG_WARN_DEPRECATED_OBJC_IMPLEMENTATIONS = YES;
				CLANG_WARN_DIRECT_OBJC_ISA_USAGE = YES_ERROR;
				CLANG_WARN_DOCUMENTATION_COMMENTS = YES;
				CLANG_WARN_EMPTY_BODY = YES;
				CLANG_WARN_ENUM_CONVERSION = YES;
				CLANG_WARN_INFINITE_RECURSION = YES;
				CLANG_WARN_INT_CONVERSION = YES;
				CLANG_WARN_NON_LITERAL_NULL_CONVERSION = YES;
				CLANG_WARN_OBJC_IMPLICIT_RETAIN_SELF = YES;
				CLANG_WARN_OBJC_LITERAL_CONVERSION = YES;
				CLANG_WARN_OBJC_ROOT_CLASS = YES_ERROR;
				CLANG_WARN_RANGE_LOOP_ANALYSIS = YES;
				CLANG_WARN_STRICT_PROTOTYPES = YES;
				CLANG_WARN_SUSPICIOUS_MOVE = YES;
				CLANG_WARN_UNGUARDED_AVAILABILITY = YES_AGGRESSIVE;
				CLANG_WARN_UNREACHABLE_CODE = YES;
				CLANG_WARN__DUPLICATE_METHOD_MATCH = YES;
				CODE_SIGN_IDENTITY = "iPhone Developer";
				COPY_PHASE_STRIP = NO;
				DEBUG_INFORMATION_FORMAT = dwarf;
				ENABLE_STRICT_OBJC_MSGSEND = YES;
				ENABLE_TESTABILITY = YES;
				GCC_C_LANGUAGE_STANDARD = gnu11;
				GCC_DYNAMIC_NO_PIC = NO;
				GCC_NO_COMMON_BLOCKS = YES;
				GCC_OPTIMIZATION_LEVEL = 0;
				GCC_PREPROCESSOR_DEFINITIONS = (
					"DEBUG=1",
					"$(inherited)",
				);
				GCC_WARN_64_TO_32_BIT_CONVERSION = YES;
				GCC_WARN_ABOUT_RETURN_TYPE = YES_ERROR;
				GCC_WARN_UNDECLARED_SELECTOR = YES;
				GCC_WARN_UNINITIALIZED_AUTOS = YES_AGGRESSIVE;
				GCC_WARN_UNUSED_FUNCTION = YES;
				GCC_WARN_UNUSED_VARIABLE = YES;
				IPHONEOS_DEPLOYMENT_TARGET = 12.2;
				MTL_ENABLE_DEBUG_INFO = INCLUDE_SOURCE;
				MTL_FAST_MATH = YES;
				ONLY_ACTIVE_ARCH = YES;
				SDKROOT = iphoneos;
				SWIFT_ACTIVE_COMPILATION_CONDITIONS = DEBUG;
				SWIFT_OPTIMIZATION_LEVEL = "-Onone";
			};
			name = Debug;
		};
		D31E2AA822B85CDF00A82A87 /* Release */ = {
			isa = XCBuildConfiguration;
			buildSettings = {
				ALWAYS_SEARCH_USER_PATHS = NO;
				CLANG_ANALYZER_NONNULL = YES;
				CLANG_ANALYZER_NUMBER_OBJECT_CONVERSION = YES_AGGRESSIVE;
				CLANG_CXX_LANGUAGE_STANDARD = "gnu++14";
				CLANG_CXX_LIBRARY = "libc++";
				CLANG_ENABLE_MODULES = YES;
				CLANG_ENABLE_OBJC_ARC = YES;
				CLANG_ENABLE_OBJC_WEAK = YES;
				CLANG_WARN_BLOCK_CAPTURE_AUTORELEASING = YES;
				CLANG_WARN_BOOL_CONVERSION = YES;
				CLANG_WARN_COMMA = YES;
				CLANG_WARN_CONSTANT_CONVERSION = YES;
				CLANG_WARN_DEPRECATED_OBJC_IMPLEMENTATIONS = YES;
				CLANG_WARN_DIRECT_OBJC_ISA_USAGE = YES_ERROR;
				CLANG_WARN_DOCUMENTATION_COMMENTS = YES;
				CLANG_WARN_EMPTY_BODY = YES;
				CLANG_WARN_ENUM_CONVERSION = YES;
				CLANG_WARN_INFINITE_RECURSION = YES;
				CLANG_WARN_INT_CONVERSION = YES;
				CLANG_WARN_NON_LITERAL_NULL_CONVERSION = YES;
				CLANG_WARN_OBJC_IMPLICIT_RETAIN_SELF = YES;
				CLANG_WARN_OBJC_LITERAL_CONVERSION = YES;
				CLANG_WARN_OBJC_ROOT_CLASS = YES_ERROR;
				CLANG_WARN_RANGE_LOOP_ANALYSIS = YES;
				CLANG_WARN_STRICT_PROTOTYPES = YES;
				CLANG_WARN_SUSPICIOUS_MOVE = YES;
				CLANG_WARN_UNGUARDED_AVAILABILITY = YES_AGGRESSIVE;
				CLANG_WARN_UNREACHABLE_CODE = YES;
				CLANG_WARN__DUPLICATE_METHOD_MATCH = YES;
				CODE_SIGN_IDENTITY = "iPhone Developer";
				COPY_PHASE_STRIP = NO;
				DEBUG_INFORMATION_FORMAT = "dwarf-with-dsym";
				ENABLE_NS_ASSERTIONS = NO;
				ENABLE_STRICT_OBJC_MSGSEND = YES;
				GCC_C_LANGUAGE_STANDARD = gnu11;
				GCC_NO_COMMON_BLOCKS = YES;
				GCC_WARN_64_TO_32_BIT_CONVERSION = YES;
				GCC_WARN_ABOUT_RETURN_TYPE = YES_ERROR;
				GCC_WARN_UNDECLARED_SELECTOR = YES;
				GCC_WARN_UNINITIALIZED_AUTOS = YES_AGGRESSIVE;
				GCC_WARN_UNUSED_FUNCTION = YES;
				GCC_WARN_UNUSED_VARIABLE = YES;
				IPHONEOS_DEPLOYMENT_TARGET = 12.2;
				MTL_ENABLE_DEBUG_INFO = NO;
				MTL_FAST_MATH = YES;
				SDKROOT = iphoneos;
				SWIFT_COMPILATION_MODE = wholemodule;
				SWIFT_OPTIMIZATION_LEVEL = "-O";
				VALIDATE_PRODUCT = YES;
			};
			name = Release;
		};
		D31E2AAA22B85CDF00A82A87 /* Debug */ = {
			isa = XCBuildConfiguration;
			buildSettings = {
				ASSETCATALOG_COMPILER_APPICON_NAME = AppIcon;
				CODE_SIGN_STYLE = Automatic;
				INFOPLIST_FILE = PresidentPopularityApp/Info.plist;
				LD_RUNPATH_SEARCH_PATHS = (
					"$(inherited)",
					"@executable_path/Frameworks",
				);
				PRODUCT_BUNDLE_IDENTIFIER = Jane.Ai.PresidentPopularityApp;
				PRODUCT_NAME = "$(TARGET_NAME)";
				SWIFT_VERSION = 5.0;
				TARGETED_DEVICE_FAMILY = "1,2";
			};
			name = Debug;
		};
		D31E2AAB22B85CDF00A82A87 /* Release */ = {
			isa = XCBuildConfiguration;
			buildSettings = {
				ASSETCATALOG_COMPILER_APPICON_NAME = AppIcon;
				CODE_SIGN_STYLE = Automatic;
				INFOPLIST_FILE = PresidentPopularityApp/Info.plist;
				LD_RUNPATH_SEARCH_PATHS = (
					"$(inherited)",
					"@executable_path/Frameworks",
				);
				PRODUCT_BUNDLE_IDENTIFIER = Jane.Ai.PresidentPopularityApp;
				PRODUCT_NAME = "$(TARGET_NAME)";
				SWIFT_VERSION = 5.0;
				TARGETED_DEVICE_FAMILY = "1,2";
			};
			name = Release;
		};
/* End XCBuildConfiguration section */

/* Begin XCConfigurationList section */
		D31E2A8F22B85CDD00A82A87 /* Build configuration list for PBXProject "PresidentPopularityApp" */ = {
			isa = XCConfigurationList;
			buildConfigurations = (
				D31E2AA722B85CDF00A82A87 /* Debug */,
				D31E2AA822B85CDF00A82A87 /* Release */,
			);
			defaultConfigurationIsVisible = 0;
			defaultConfigurationName = Release;
		};
		D31E2AA922B85CDF00A82A87 /* Build configuration list for PBXNativeTarget "PresidentPopularityApp" */ = {
			isa = XCConfigurationList;
			buildConfigurations = (
				D31E2AAA22B85CDF00A82A87 /* Debug */,
				D31E2AAB22B85CDF00A82A87 /* Release */,
			);
			defaultConfigurationIsVisible = 0;
			defaultConfigurationName = Release;
		};
/* End XCConfigurationList section */

/* Begin XCVersionGroup section */
		D31E2A9E22B85CDD00A82A87 /* PresidentPopularityApp.xcdatamodeld */ = {
			isa = XCVersionGroup;
			children = (
				D31E2A9F22B85CDD00A82A87 /* PresidentPopularityApp.xcdatamodel */,
			);
			currentVersion = D31E2A9F22B85CDD00A82A87 /* PresidentPopularityApp.xcdatamodel */;
			path = PresidentPopularityApp.xcdatamodeld;
			sourceTree = "<group>";
			versionGroupType = wrapper.xcdatamodel;
		};
/* End XCVersionGroup section */
	};
	rootObject = D31E2A8C22B85CDD00A82A87 /* Project object */;
}
